
Microsoft Visual Studio Solution File, Format Version 12.00
# Visual Studio 2013
VisualStudioVersion = 12.0.31101.0
MinimumVisualStudioVersion = 10.0.40219.1
Project("{FAE04EC0-301F-11D3-BF4B-00C04F79EFBC}") = "UDPdiscover", "UDPdiscover\UDPdiscover.csproj", "{E9CF0043-1E35-4F2F-8448-8F4FBE62B07E}"
EndProject
Project("{FAE04EC0-301F-11D3-BF4B-00C04F79EFBC}") = "UDPreceiver", "UDPreceiver\UDPreceiver.csproj", "{45834CCD-D33C-44A4-9432-D6ED427C7D2F}"
EndProject
Project("{FAE04EC0-301F-11D3-BF4B-00C04F79EFBC}") = "UDPtest", "UDPtest\UDPtest.csproj", "{829D9D67-E626-4C6E-883D-801B825EC786}"
EndProject
Project("{FAE04EC0-301F-11D3-BF4B-00C04F79EFBC}") = "ControlCenter", "ControlCenter\ControlCenter.csproj", "{296B73C1-4BDF-47D9-9064-404A3C30945D}"
EndProject
Project("{8BC9CEB8-8B4A-11D0-8D11-00A0C91BC942}") = "ESP8266", "ESP8266\ESP8266.vcxproj", "{0EC96F65-6C33-4910-A409-B1748299826F}"
EndProject
Project("{8BC9CEB8-8B4A-11D0-8D11-00A0C91BC942}") = "enc28j60", "enc28j60\enc28j60.vcxproj", "{E7246570-5842-41FF-83BE-3E8A3CB7AD26}"
EndProject
Project("{6141683F-8A12-4E36-9623-2EB02B2C2303}") = "DSCmicro-SetupInstaller", "DSCmicro-SetupInstaller\DSCmicro-SetupInstaller.isproj", "{DBD8571A-3990-4BE2-A764-B094EDDBDD1C}"
	ProjectSection(ProjectDependencies) = postProject
		{E9CF0043-1E35-4F2F-8448-8F4FBE62B07E} = {E9CF0043-1E35-4F2F-8448-8F4FBE62B07E}
		{829D9D67-E626-4C6E-883D-801B825EC786} = {829D9D67-E626-4C6E-883D-801B825EC786}
		{296B73C1-4BDF-47D9-9064-404A3C30945D} = {296B73C1-4BDF-47D9-9064-404A3C30945D}
		{45834CCD-D33C-44A4-9432-D6ED427C7D2F} = {45834CCD-D33C-44A4-9432-D6ED427C7D2F}
	EndProjectSection
EndProject
Global
	GlobalSection(SolutionConfigurationPlatforms) = preSolution
		CD_ROM|Any CPU = CD_ROM|Any CPU
		CD_ROM|Mixed Platforms = CD_ROM|Mixed Platforms
		CD_ROM|Win32 = CD_ROM|Win32
		Debug|Any CPU = Debug|Any CPU
		Debug|Mixed Platforms = Debug|Mixed Platforms
		Debug|Win32 = Debug|Win32
		DVD-5|Any CPU = DVD-5|Any CPU
		DVD-5|Mixed Platforms = DVD-5|Mixed Platforms
		DVD-5|Win32 = DVD-5|Win32
		Release|Any CPU = Release|Any CPU
		Release|Mixed Platforms = Release|Mixed Platforms
		Release|Win32 = Release|Win32
		SingleImage|Any CPU = SingleImage|Any CPU
		SingleImage|Mixed Platforms = SingleImage|Mixed Platforms
		SingleImage|Win32 = SingleImage|Win32
	EndGlobalSection
	GlobalSection(ProjectConfigurationPlatforms) = postSolution
		{E9CF0043-1E35-4F2F-8448-8F4FBE62B07E}.CD_ROM|Any CPU.ActiveCfg = Release|Any CPU
		{E9CF0043-1E35-4F2F-8448-8F4FBE62B07E}.CD_ROM|Any CPU.Build.0 = Release|Any CPU
		{E9CF0043-1E35-4F2F-8448-8F4FBE62B07E}.CD_ROM|Mixed Platforms.ActiveCfg = Release|Any CPU
		{E9CF0043-1E35-4F2F-8448-8F4FBE62B07E}.CD_ROM|Mixed Platforms.Build.0 = Release|Any CPU
		{E9CF0043-1E35-4F2F-8448-8F4FBE62B07E}.CD_ROM|Win32.ActiveCfg = Release|Any CPU
		{E9CF0043-1E35-4F2F-8448-8F4FBE62B07E}.Debug|Any CPU.ActiveCfg = Debug|Any CPU
		{E9CF0043-1E35-4F2F-8448-8F4FBE62B07E}.Debug|Any CPU.Build.0 = Debug|Any CPU
		{E9CF0043-1E35-4F2F-8448-8F4FBE62B07E}.Debug|Mixed Platforms.ActiveCfg = Debug|Any CPU
		{E9CF0043-1E35-4F2F-8448-8F4FBE62B07E}.Debug|Mixed Platforms.Build.0 = Debug|Any CPU
		{E9CF0043-1E35-4F2F-8448-8F4FBE62B07E}.Debug|Win32.ActiveCfg = Debug|Any CPU
		{E9CF0043-1E35-4F2F-8448-8F4FBE62B07E}.DVD-5|Any CPU.ActiveCfg = Debug|Any CPU
		{E9CF0043-1E35-4F2F-8448-8F4FBE62B07E}.DVD-5|Any CPU.Build.0 = Debug|Any CPU
		{E9CF0043-1E35-4F2F-8448-8F4FBE62B07E}.DVD-5|Mixed Platforms.ActiveCfg = Debug|Any CPU
		{E9CF0043-1E35-4F2F-8448-8F4FBE62B07E}.DVD-5|Mixed Platforms.Build.0 = Debug|Any CPU
		{E9CF0043-1E35-4F2F-8448-8F4FBE62B07E}.DVD-5|Win32.ActiveCfg = Debug|Any CPU
		{E9CF0043-1E35-4F2F-8448-8F4FBE62B07E}.Release|Any CPU.ActiveCfg = Release|Any CPU
		{E9CF0043-1E35-4F2F-8448-8F4FBE62B07E}.Release|Any CPU.Build.0 = Release|Any CPU
		{E9CF0043-1E35-4F2F-8448-8F4FBE62B07E}.Release|Mixed Platforms.ActiveCfg = Release|Any CPU
		{E9CF0043-1E35-4F2F-8448-8F4FBE62B07E}.Release|Mixed Platforms.Build.0 = Release|Any CPU
		{E9CF0043-1E35-4F2F-8448-8F4FBE62B07E}.Release|Win32.ActiveCfg = Release|Any CPU
		{E9CF0043-1E35-4F2F-8448-8F4FBE62B07E}.SingleImage|Any CPU.ActiveCfg = Release|Any CPU
		{E9CF0043-1E35-4F2F-8448-8F4FBE62B07E}.SingleImage|Any CPU.Build.0 = Release|Any CPU
		{E9CF0043-1E35-4F2F-8448-8F4FBE62B07E}.SingleImage|Mixed Platforms.ActiveCfg = Release|Any CPU
		{E9CF0043-1E35-4F2F-8448-8F4FBE62B07E}.SingleImage|Mixed Platforms.Build.0 = Release|Any CPU
		{E9CF0043-1E35-4F2F-8448-8F4FBE62B07E}.SingleImage|Win32.ActiveCfg = Release|Any CPU
		{45834CCD-D33C-44A4-9432-D6ED427C7D2F}.CD_ROM|Any CPU.ActiveCfg = Release|Any CPU
		{45834CCD-D33C-44A4-9432-D6ED427C7D2F}.CD_ROM|Any CPU.Build.0 = Release|Any CPU
		{45834CCD-D33C-44A4-9432-D6ED427C7D2F}.CD_ROM|Mixed Platforms.ActiveCfg = Release|Any CPU
		{45834CCD-D33C-44A4-9432-D6ED427C7D2F}.CD_ROM|Mixed Platforms.Build.0 = Release|Any CPU
		{45834CCD-D33C-44A4-9432-D6ED427C7D2F}.CD_ROM|Win32.ActiveCfg = Release|Any CPU
		{45834CCD-D33C-44A4-9432-D6ED427C7D2F}.Debug|Any CPU.ActiveCfg = Debug|Any CPU
		{45834CCD-D33C-44A4-9432-D6ED427C7D2F}.Debug|Any CPU.Build.0 = Debug|Any CPU
		{45834CCD-D33C-44A4-9432-D6ED427C7D2F}.Debug|Mixed Platforms.ActiveCfg = Debug|Any CPU
		{45834CCD-D33C-44A4-9432-D6ED427C7D2F}.Debug|Mixed Platforms.Build.0 = Debug|Any CPU
		{45834CCD-D33C-44A4-9432-D6ED427C7D2F}.Debug|Win32.ActiveCfg = Debug|Any CPU
		{45834CCD-D33C-44A4-9432-D6ED427C7D2F}.DVD-5|Any CPU.ActiveCfg = Debug|Any CPU
		{45834CCD-D33C-44A4-9432-D6ED427C7D2F}.DVD-5|Any CPU.Build.0 = Debug|Any CPU
		{45834CCD-D33C-44A4-9432-D6ED427C7D2F}.DVD-5|Mixed Platforms.ActiveCfg = Debug|Any CPU
		{45834CCD-D33C-44A4-9432-D6ED427C7D2F}.DVD-5|Mixed Platforms.Build.0 = Debug|Any CPU
		{45834CCD-D33C-44A4-9432-D6ED427C7D2F}.DVD-5|Win32.ActiveCfg = Debug|Any CPU
		{45834CCD-D33C-44A4-9432-D6ED427C7D2F}.Release|Any CPU.ActiveCfg = Release|Any CPU
		{45834CCD-D33C-44A4-9432-D6ED427C7D2F}.Release|Any CPU.Build.0 = Release|Any CPU
		{45834CCD-D33C-44A4-9432-D6ED427C7D2F}.Release|Mixed Platforms.ActiveCfg = Release|Any CPU
		{45834CCD-D33C-44A4-9432-D6ED427C7D2F}.Release|Mixed Platforms.Build.0 = Release|Any CPU
		{45834CCD-D33C-44A4-9432-D6ED427C7D2F}.Release|Win32.ActiveCfg = Release|Any CPU
		{45834CCD-D33C-44A4-9432-D6ED427C7D2F}.SingleImage|Any CPU.ActiveCfg = Release|Any CPU
		{45834CCD-D33C-44A4-9432-D6ED427C7D2F}.SingleImage|Any CPU.Build.0 = Release|Any CPU
		{45834CCD-D33C-44A4-9432-D6ED427C7D2F}.SingleImage|Mixed Platforms.ActiveCfg = Release|Any CPU
		{45834CCD-D33C-44A4-9432-D6ED427C7D2F}.SingleImage|Mixed Platforms.Build.0 = Release|Any CPU
		{45834CCD-D33C-44A4-9432-D6ED427C7D2F}.SingleImage|Win32.ActiveCfg = Release|Any CPU
		{829D9D67-E626-4C6E-883D-801B825EC786}.CD_ROM|Any CPU.ActiveCfg = Release|Any CPU
		{829D9D67-E626-4C6E-883D-801B825EC786}.CD_ROM|Any CPU.Build.0 = Release|Any CPU
		{829D9D67-E626-4C6E-883D-801B825EC786}.CD_ROM|Mixed Platforms.ActiveCfg = Release|Any CPU
		{829D9D67-E626-4C6E-883D-801B825EC786}.CD_ROM|Mixed Platforms.Build.0 = Release|Any CPU
		{829D9D67-E626-4C6E-883D-801B825EC786}.CD_ROM|Win32.ActiveCfg = Release|Any CPU
		{829D9D67-E626-4C6E-883D-801B825EC786}.Debug|Any CPU.ActiveCfg = Debug|Any CPU
		{829D9D67-E626-4C6E-883D-801B825EC786}.Debug|Any CPU.Build.0 = Debug|Any CPU
		{829D9D67-E626-4C6E-883D-801B825EC786}.Debug|Mixed Platforms.ActiveCfg = Debug|Any CPU
		{829D9D67-E626-4C6E-883D-801B825EC786}.Debug|Mixed Platforms.Build.0 = Debug|Any CPU
		{829D9D67-E626-4C6E-883D-801B825EC786}.Debug|Win32.ActiveCfg = Debug|Any CPU
		{829D9D67-E626-4C6E-883D-801B825EC786}.DVD-5|Any CPU.ActiveCfg = Debug|Any CPU
		{829D9D67-E626-4C6E-883D-801B825EC786}.DVD-5|Any CPU.Build.0 = Debug|Any CPU
		{829D9D67-E626-4C6E-883D-801B825EC786}.DVD-5|Mixed Platforms.ActiveCfg = Debug|Any CPU
		{829D9D67-E626-4C6E-883D-801B825EC786}.DVD-5|Mixed Platforms.Build.0 = Debug|Any CPU
		{829D9D67-E626-4C6E-883D-801B825EC786}.DVD-5|Win32.ActiveCfg = Debug|Any CPU
		{829D9D67-E626-4C6E-883D-801B825EC786}.Release|Any CPU.ActiveCfg = Release|Any CPU
		{829D9D67-E626-4C6E-883D-801B825EC786}.Release|Any CPU.Build.0 = Release|Any CPU
		{829D9D67-E626-4C6E-883D-801B825EC786}.Release|Mixed Platforms.ActiveCfg = Release|Any CPU
		{829D9D67-E626-4C6E-883D-801B825EC786}.Release|Mixed Platforms.Build.0 = Release|Any CPU
		{829D9D67-E626-4C6E-883D-801B825EC786}.Release|Win32.ActiveCfg = Release|Any CPU
		{829D9D67-E626-4C6E-883D-801B825EC786}.SingleImage|Any CPU.ActiveCfg = Release|Any CPU
		{829D9D67-E626-4C6E-883D-801B825EC786}.SingleImage|Any CPU.Build.0 = Release|Any CPU
		{829D9D67-E626-4C6E-883D-801B825EC786}.SingleImage|Mixed Platforms.ActiveCfg = Release|Any CPU
		{829D9D67-E626-4C6E-883D-801B825EC786}.SingleImage|Mixed Platforms.Build.0 = Release|Any CPU
		{829D9D67-E626-4C6E-883D-801B825EC786}.SingleImage|Win32.ActiveCfg = Release|Any CPU
		{296B73C1-4BDF-47D9-9064-404A3C30945D}.CD_ROM|Any CPU.ActiveCfg = Release|Any CPU
		{296B73C1-4BDF-47D9-9064-404A3C30945D}.CD_ROM|Any CPU.Build.0 = Release|Any CPU
		{296B73C1-4BDF-47D9-9064-404A3C30945D}.CD_ROM|Mixed Platforms.ActiveCfg = Release|Any CPU
		{296B73C1-4BDF-47D9-9064-404A3C30945D}.CD_ROM|Mixed Platforms.Build.0 = Release|Any CPU
		{296B73C1-4BDF-47D9-9064-404A3C30945D}.CD_ROM|Win32.ActiveCfg = Release|Any CPU
		{296B73C1-4BDF-47D9-9064-404A3C30945D}.Debug|Any CPU.ActiveCfg = Debug|Any CPU
		{296B73C1-4BDF-47D9-9064-404A3C30945D}.Debug|Any CPU.Build.0 = Debug|Any CPU
		{296B73C1-4BDF-47D9-9064-404A3C30945D}.Debug|Mixed Platforms.ActiveCfg = Debug|Any CPU
		{296B73C1-4BDF-47D9-9064-404A3C30945D}.Debug|Mixed Platforms.Build.0 = Debug|Any CPU
		{296B73C1-4BDF-47D9-9064-404A3C30945D}.Debug|Win32.ActiveCfg = Debug|Any CPU
		{296B73C1-4BDF-47D9-9064-404A3C30945D}.DVD-5|Any CPU.ActiveCfg = Debug|Any CPU
		{296B73C1-4BDF-47D9-9064-404A3C30945D}.DVD-5|Any CPU.Build.0 = Debug|Any CPU
		{296B73C1-4BDF-47D9-9064-404A3C30945D}.DVD-5|Mixed Platforms.ActiveCfg = Debug|Any CPU
		{296B73C1-4BDF-47D9-9064-404A3C30945D}.DVD-5|Mixed Platforms.Build.0 = Debug|Any CPU
		{296B73C1-4BDF-47D9-9064-404A3C30945D}.DVD-5|Win32.ActiveCfg = Debug|Any CPU
		{296B73C1-4BDF-47D9-9064-404A3C30945D}.Release|Any CPU.ActiveCfg = Release|Any CPU
		{296B73C1-4BDF-47D9-9064-404A3C30945D}.Release|Any CPU.Build.0 = Release|Any CPU
		{296B73C1-4BDF-47D9-9064-404A3C30945D}.Release|Mixed Platforms.ActiveCfg = Release|Any CPU
		{296B73C1-4BDF-47D9-9064-404A3C30945D}.Release|Mixed Platforms.Build.0 = Release|Any CPU
		{296B73C1-4BDF-47D9-9064-404A3C30945D}.Release|Win32.ActiveCfg = Release|Any CPU
		{296B73C1-4BDF-47D9-9064-404A3C30945D}.SingleImage|Any CPU.ActiveCfg = Release|Any CPU
		{296B73C1-4BDF-47D9-9064-404A3C30945D}.SingleImage|Any CPU.Build.0 = Release|Any CPU
		{296B73C1-4BDF-47D9-9064-404A3C30945D}.SingleImage|Mixed Platforms.ActiveCfg = Release|Any CPU
		{296B73C1-4BDF-47D9-9064-404A3C30945D}.SingleImage|Mixed Platforms.Build.0 = Release|Any CPU
		{296B73C1-4BDF-47D9-9064-404A3C30945D}.SingleImage|Win32.ActiveCfg = Release|Any CPU
		{0EC96F65-6C33-4910-A409-B1748299826F}.CD_ROM|Any CPU.ActiveCfg = Release|Win32
		{0EC96F65-6C33-4910-A409-B1748299826F}.CD_ROM|Mixed Platforms.ActiveCfg = Release|Win32
		{0EC96F65-6C33-4910-A409-B1748299826F}.CD_ROM|Mixed Platforms.Build.0 = Release|Win32
		{0EC96F65-6C33-4910-A409-B1748299826F}.CD_ROM|Win32.ActiveCfg = Release|Win32
		{0EC96F65-6C33-4910-A409-B1748299826F}.CD_ROM|Win32.Build.0 = Release|Win32
		{0EC96F65-6C33-4910-A409-B1748299826F}.Debug|Any CPU.ActiveCfg = Debug|Win32
		{0EC96F65-6C33-4910-A409-B1748299826F}.Debug|Mixed Platforms.ActiveCfg = Debug|Win32
		{0EC96F65-6C33-4910-A409-B1748299826F}.Debug|Mixed Platforms.Build.0 = Debug|Win32
		{0EC96F65-6C33-4910-A409-B1748299826F}.Debug|Win32.ActiveCfg = Debug|Win32
		{0EC96F65-6C33-4910-A409-B1748299826F}.Debug|Win32.Build.0 = Debug|Win32
		{0EC96F65-6C33-4910-A409-B1748299826F}.DVD-5|Any CPU.ActiveCfg = Debug|Win32
		{0EC96F65-6C33-4910-A409-B1748299826F}.DVD-5|Mixed Platforms.ActiveCfg = Debug|Win32
		{0EC96F65-6C33-4910-A409-B1748299826F}.DVD-5|Mixed Platforms.Build.0 = Debug|Win32
		{0EC96F65-6C33-4910-A409-B1748299826F}.DVD-5|Win32.ActiveCfg = Debug|Win32
		{0EC96F65-6C33-4910-A409-B1748299826F}.DVD-5|Win32.Build.0 = Debug|Win32
		{0EC96F65-6C33-4910-A409-B1748299826F}.Release|Any CPU.ActiveCfg = Release|Win32
		{0EC96F65-6C33-4910-A409-B1748299826F}.Release|Mixed Platforms.ActiveCfg = Release|Win32
		{0EC96F65-6C33-4910-A409-B1748299826F}.Release|Mixed Platforms.Build.0 = Release|Win32
		{0EC96F65-6C33-4910-A409-B1748299826F}.Release|Win32.ActiveCfg = Release|Win32
		{0EC96F65-6C33-4910-A409-B1748299826F}.Release|Win32.Build.0 = Release|Win32
		{0EC96F65-6C33-4910-A409-B1748299826F}.SingleImage|Any CPU.ActiveCfg = Release|Win32
		{0EC96F65-6C33-4910-A409-B1748299826F}.SingleImage|Mixed Platforms.ActiveCfg = Release|Win32
		{0EC96F65-6C33-4910-A409-B1748299826F}.SingleImage|Mixed Platforms.Build.0 = Release|Win32
		{0EC96F65-6C33-4910-A409-B1748299826F}.SingleImage|Win32.ActiveCfg = Release|Win32
		{0EC96F65-6C33-4910-A409-B1748299826F}.SingleImage|Win32.Build.0 = Release|Win32
		{E7246570-5842-41FF-83BE-3E8A3CB7AD26}.CD_ROM|Any CPU.ActiveCfg = Release|Win32
		{E7246570-5842-41FF-83BE-3E8A3CB7AD26}.CD_ROM|Mixed Platforms.ActiveCfg = Release|Win32
		{E7246570-5842-41FF-83BE-3E8A3CB7AD26}.CD_ROM|Mixed Platforms.Build.0 = Release|Win32
		{E7246570-5842-41FF-83BE-3E8A3CB7AD26}.CD_ROM|Win32.ActiveCfg = Release|Win32
		{E7246570-5842-41FF-83BE-3E8A3CB7AD26}.CD_ROM|Win32.Build.0 = Release|Win32
		{E7246570-5842-41FF-83BE-3E8A3CB7AD26}.Debug|Any CPU.ActiveCfg = Debug|Win32
		{E7246570-5842-41FF-83BE-3E8A3CB7AD26}.Debug|Mixed Platforms.ActiveCfg = Debug|Win32
		{E7246570-5842-41FF-83BE-3E8A3CB7AD26}.Debug|Mixed Platforms.Build.0 = Debug|Win32
		{E7246570-5842-41FF-83BE-3E8A3CB7AD26}.Debug|Win32.ActiveCfg = Debug|Win32
		{E7246570-5842-41FF-83BE-3E8A3CB7AD26}.Debug|Win32.Build.0 = Debug|Win32
		{E7246570-5842-41FF-83BE-3E8A3CB7AD26}.DVD-5|Any CPU.ActiveCfg = Debug|Win32
		{E7246570-5842-41FF-83BE-3E8A3CB7AD26}.DVD-5|Mixed Platforms.ActiveCfg = Debug|Win32
		{E7246570-5842-41FF-83BE-3E8A3CB7AD26}.DVD-5|Mixed Platforms.Build.0 = Debug|Win32
		{E7246570-5842-41FF-83BE-3E8A3CB7AD26}.DVD-5|Win32.ActiveCfg = Debug|Win32
		{E7246570-5842-41FF-83BE-3E8A3CB7AD26}.DVD-5|Win32.Build.0 = Debug|Win32
		{E7246570-5842-41FF-83BE-3E8A3CB7AD26}.Release|Any CPU.ActiveCfg = Release|Win32
		{E7246570-5842-41FF-83BE-3E8A3CB7AD26}.Release|Mixed Platforms.ActiveCfg = Release|Win32
		{E7246570-5842-41FF-83BE-3E8A3CB7AD26}.Release|Mixed Platforms.Build.0 = Release|Win32
		{E7246570-5842-41FF-83BE-3E8A3CB7AD26}.Release|Win32.ActiveCfg = Release|Win32
		{E7246570-5842-41FF-83BE-3E8A3CB7AD26}.Release|Win32.Build.0 = Release|Win32
		{E7246570-5842-41FF-83BE-3E8A3CB7AD26}.SingleImage|Any CPU.ActiveCfg = Release|Win32
		{E7246570-5842-41FF-83BE-3E8A3CB7AD26}.SingleImage|Mixed Platforms.ActiveCfg = Release|Win32
		{E7246570-5842-41FF-83BE-3E8A3CB7AD26}.SingleImage|Mixed Platforms.Build.0 = Release|Win32
		{E7246570-5842-41FF-83BE-3E8A3CB7AD26}.SingleImage|Win32.ActiveCfg = Release|Win32
		{E7246570-5842-41FF-83BE-3E8A3CB7AD26}.SingleImage|Win32.Build.0 = Release|Win32
		{DBD8571A-3990-4BE2-A764-B094EDDBDD1C}.CD_ROM|Any CPU.ActiveCfg = CD_ROM
		{DBD8571A-3990-4BE2-A764-B094EDDBDD1C}.CD_ROM|Any CPU.Build.0 = CD_ROM
		{DBD8571A-3990-4BE2-A764-B094EDDBDD1C}.CD_ROM|Mixed Platforms.ActiveCfg = CD_ROM
		{DBD8571A-3990-4BE2-A764-B094EDDBDD1C}.CD_ROM|Mixed Platforms.Build.0 = CD_ROM
		{DBD8571A-3990-4BE2-A764-B094EDDBDD1C}.CD_ROM|Win32.ActiveCfg = CD_ROM
		{DBD8571A-3990-4BE2-A764-B094EDDBDD1C}.CD_ROM|Win32.Build.0 = CD_ROM
		{DBD8571A-3990-4BE2-A764-B094EDDBDD1C}.Debug|Any CPU.ActiveCfg = DVD-5
		{DBD8571A-3990-4BE2-A764-B094EDDBDD1C}.Debug|Any CPU.Build.0 = DVD-5
		{DBD8571A-3990-4BE2-A764-B094EDDBDD1C}.Debug|Mixed Platforms.ActiveCfg = DVD-5
		{DBD8571A-3990-4BE2-A764-B094EDDBDD1C}.Debug|Mixed Platforms.Build.0 = DVD-5
		{DBD8571A-3990-4BE2-A764-B094EDDBDD1C}.Debug|Win32.ActiveCfg = DVD-5
		{DBD8571A-3990-4BE2-A764-B094EDDBDD1C}.Debug|Win32.Build.0 = DVD-5
		{DBD8571A-3990-4BE2-A764-B094EDDBDD1C}.DVD-5|Any CPU.ActiveCfg = DVD-5
		{DBD8571A-3990-4BE2-A764-B094EDDBDD1C}.DVD-5|Any CPU.Build.0 = DVD-5
		{DBD8571A-3990-4BE2-A764-B094EDDBDD1C}.DVD-5|Mixed Platforms.ActiveCfg = DVD-5
		{DBD8571A-3990-4BE2-A764-B094EDDBDD1C}.DVD-5|Mixed Platforms.Build.0 = DVD-5
		{DBD8571A-3990-4BE2-A764-B094EDDBDD1C}.DVD-5|Win32.ActiveCfg = DVD-5
		{DBD8571A-3990-4BE2-A764-B094EDDBDD1C}.DVD-5|Win32.Build.0 = DVD-5
		{DBD8571A-3990-4BE2-A764-B094EDDBDD1C}.Release|Any CPU.ActiveCfg = SingleImage
		{DBD8571A-3990-4BE2-A764-B094EDDBDD1C}.Release|Any CPU.Build.0 = SingleImage
		{DBD8571A-3990-4BE2-A764-B094EDDBDD1C}.Release|Mixed Platforms.ActiveCfg = SingleImage
		{DBD8571A-3990-4BE2-A764-B094EDDBDD1C}.Release|Mixed Platforms.Build.0 = SingleImage
		{DBD8571A-3990-4BE2-A764-B094EDDBDD1C}.Release|Win32.ActiveCfg = SingleImage
		{DBD8571A-3990-4BE2-A764-B094EDDBDD1C}.Release|Win32.Build.0 = SingleImage
		{DBD8571A-3990-4BE2-A764-B094EDDBDD1C}.SingleImage|Any CPU.ActiveCfg = SingleImage
		{DBD8571A-3990-4BE2-A764-B094EDDBDD1C}.SingleImage|Any CPU.Build.0 = SingleImage
		{DBD8571A-3990-4BE2-A764-B094EDDBDD1C}.SingleImage|Mixed Platforms.ActiveCfg = SingleImage
		{DBD8571A-3990-4BE2-A764-B094EDDBDD1C}.SingleImage|Mixed Platforms.Build.0 = SingleImage
		{DBD8571A-3990-4BE2-A764-B094EDDBDD1C}.SingleImage|Win32.ActiveCfg = SingleImage
		{DBD8571A-3990-4BE2-A764-B094EDDBDD1C}.SingleImage|Win32.Build.0 = SingleImage
	EndGlobalSection
	GlobalSection(SolutionProperties) = preSolution
		HideSolutionNode = FALSE
	EndGlobalSection
EndGlobal
